
Microsoft Visual Studio Solution File, Format Version 12.00
# Visual Studio Version 16
VisualStudioVersion = 16.0.30114.105
MinimumVisualStudioVersion = 10.0.40219.1
Project("{FAE04EC0-301F-11D3-BF4B-00C04F79EFBC}") = "Libary.Core", "Libary.Core\Libary.Core.csproj", "{78AEB294-3E8E-46C6-9F73-4A679A3B9DAB}"
EndProject
Project("{FAE04EC0-301F-11D3-BF4B-00C04F79EFBC}") = "Libary.Core.Test", "Libary.Core.Test\Libary.Core.Test.csproj", "{922F291D-73DF-4BDF-A115-A27519472207}"
EndProject
Global
	GlobalSection(SolutionConfigurationPlatforms) = preSolution
		Debug|Any CPU = Debug|Any CPU
		Debug|x64 = Debug|x64
		Debug|x86 = Debug|x86
		Release|Any CPU = Release|Any CPU
		Release|x64 = Release|x64
		Release|x86 = Release|x86
	EndGlobalSection
	GlobalSection(SolutionProperties) = preSolution
		HideSolutionNode = FALSE
	EndGlobalSection
	GlobalSection(ProjectConfigurationPlatforms) = postSolution
		{78AEB294-3E8E-46C6-9F73-4A679A3B9DAB}.Debug|Any CPU.ActiveCfg = Debug|Any CPU
		{78AEB294-3E8E-46C6-9F73-4A679A3B9DAB}.Debug|Any CPU.Build.0 = Debug|Any CPU
		{78AEB294-3E8E-46C6-9F73-4A679A3B9DAB}.Debug|x64.ActiveCfg = Debug|Any CPU
		{78AEB294-3E8E-46C6-9F73-4A679A3B9DAB}.Debug|x64.Build.0 = Debug|Any CPU
		{78AEB294-3E8E-46C6-9F73-4A679A3B9DAB}.Debug|x86.ActiveCfg = Debug|Any CPU
		{78AEB294-3E8E-46C6-9F73-4A679A3B9DAB}.Debug|x86.Build.0 = Debug|Any CPU
		{78AEB294-3E8E-46C6-9F73-4A679A3B9DAB}.Release|Any CPU.ActiveCfg = Release|Any CPU
		{78AEB294-3E8E-46C6-9F73-4A679A3B9DAB}.Release|Any CPU.Build.0 = Release|Any CPU
		{78AEB294-3E8E-46C6-9F73-4A679A3B9DAB}.Release|x64.ActiveCfg = Release|Any CPU
		{78AEB294-3E8E-46C6-9F73-4A679A3B9DAB}.Release|x64.Build.0 = Release|Any CPU
		{78AEB294-3E8E-46C6-9F73-4A679A3B9DAB}.Release|x86.ActiveCfg = Release|Any CPU
		{78AEB294-3E8E-46C6-9F73-4A679A3B9DAB}.Release|x86.Build.0 = Release|Any CPU
		{922F291D-73DF-4BDF-A115-A27519472207}.Debug|Any CPU.ActiveCfg = Debug|Any CPU
		{922F291D-73DF-4BDF-A115-A27519472207}.Debug|Any CPU.Build.0 = Debug|Any CPU
		{922F291D-73DF-4BDF-A115-A27519472207}.Debug|x64.ActiveCfg = Debug|Any CPU
		{922F291D-73DF-4BDF-A115-A27519472207}.Debug|x64.Build.0 = Debug|Any CPU
		{922F291D-73DF-4BDF-A115-A27519472207}.Debug|x86.ActiveCfg = Debug|Any CPU
		{922F291D-73DF-4BDF-A115-A27519472207}.Debug|x86.Build.0 = Debug|Any CPU
		{922F291D-73DF-4BDF-A115-A27519472207}.Release|Any CPU.ActiveCfg = Release|Any CPU
		{922F291D-73DF-4BDF-A115-A27519472207}.Release|Any CPU.Build.0 = Release|Any CPU
		{922F291D-73DF-4BDF-A115-A27519472207}.Release|x64.ActiveCfg = Release|Any CPU
		{922F291D-73DF-4BDF-A115-A27519472207}.Release|x64.Build.0 = Release|Any CPU
		{922F291D-73DF-4BDF-A115-A27519472207}.Release|x86.ActiveCfg = Release|Any CPU
		{922F291D-73DF-4BDF-A115-A27519472207}.Release|x86.Build.0 = Release|Any CPU
	EndGlobalSection
EndGlobal
